
Microsoft Visual Studio Solution File, Format Version 12.00
# Visual Studio 15
VisualStudioVersion = 15.0.27130.2010
MinimumVisualStudioVersion = 10.0.40219.1
Project("{FAE04EC0-301F-11D3-BF4B-00C04F79EFBC}") = "ShopWebsiteServerSide", "ShopWebsiteServerSide\ShopWebsiteServerSide.csproj", "{CDBE0354-FC41-499B-8034-6115578D9148}"
EndProject
Project("{FAE04EC0-301F-11D3-BF4B-00C04F79EFBC}") = "ShopWebsite.BLL", "ShopWebsite.BLL\ShopWebsite.BLL.csproj", "{DAF17852-DE37-4FBB-B854-DB38BB223C20}"
EndProject
Project("{FAE04EC0-301F-11D3-BF4B-00C04F79EFBC}") = "ShopWebsite.DAL", "ShopWebsite.DAL\ShopWebsite.DAL.csproj", "{9F91C922-488F-43DF-9DB7-19AAFC0A42D2}"
EndProject
Project("{FAE04EC0-301F-11D3-BF4B-00C04F79EFBC}") = "ShopWebsite.Common", "ShopWebsite.Common\ShopWebsite.Common.csproj", "{A4790431-CDD2-4D86-9F70-1BEDF699B570}"
EndProject
Global
	GlobalSection(SolutionConfigurationPlatforms) = preSolution
		Debug|Any CPU = Debug|Any CPU
		Release|Any CPU = Release|Any CPU
	EndGlobalSection
	GlobalSection(ProjectConfigurationPlatforms) = postSolution
		{CDBE0354-FC41-499B-8034-6115578D9148}.Debug|Any CPU.ActiveCfg = Debug|Any CPU
		{CDBE0354-FC41-499B-8034-6115578D9148}.Debug|Any CPU.Build.0 = Debug|Any CPU
		{CDBE0354-FC41-499B-8034-6115578D9148}.Release|Any CPU.ActiveCfg = Release|Any CPU
		{CDBE0354-FC41-499B-8034-6115578D9148}.Release|Any CPU.Build.0 = Release|Any CPU
		{DAF17852-DE37-4FBB-B854-DB38BB223C20}.Debug|Any CPU.ActiveCfg = Debug|Any CPU
		{DAF17852-DE37-4FBB-B854-DB38BB223C20}.Debug|Any CPU.Build.0 = Debug|Any CPU
		{DAF17852-DE37-4FBB-B854-DB38BB223C20}.Release|Any CPU.ActiveCfg = Release|Any CPU
		{DAF17852-DE37-4FBB-B854-DB38BB223C20}.Release|Any CPU.Build.0 = Release|Any CPU
		{9F91C922-488F-43DF-9DB7-19AAFC0A42D2}.Debug|Any CPU.ActiveCfg = Debug|Any CPU
		{9F91C922-488F-43DF-9DB7-19AAFC0A42D2}.Debug|Any CPU.Build.0 = Debug|Any CPU
		{9F91C922-488F-43DF-9DB7-19AAFC0A42D2}.Release|Any CPU.ActiveCfg = Release|Any CPU
		{9F91C922-488F-43DF-9DB7-19AAFC0A42D2}.Release|Any CPU.Build.0 = Release|Any CPU
		{A4790431-CDD2-4D86-9F70-1BEDF699B570}.Debug|Any CPU.ActiveCfg = Debug|Any CPU
		{A4790431-CDD2-4D86-9F70-1BEDF699B570}.Debug|Any CPU.Build.0 = Debug|Any CPU
		{A4790431-CDD2-4D86-9F70-1BEDF699B570}.Release|Any CPU.ActiveCfg = Release|Any CPU
		{A4790431-CDD2-4D86-9F70-1BEDF699B570}.Release|Any CPU.Build.0 = Release|Any CPU
	EndGlobalSection
	GlobalSection(SolutionProperties) = preSolution
		HideSolutionNode = FALSE
	EndGlobalSection
	GlobalSection(ExtensibilityGlobals) = postSolution
		SolutionGuid = {D624374E-65DE-40B1-AF73-C4FF1141010C}
	EndGlobalSection
EndGlobal
